// !$*UTF8*$!
{
	archiveVersion = 1;
	classes = {
	};
	objectVersion = 56;
	objects = {

/* Begin PBXBuildFile section */
		3C027A222B09E460002ADD11 /* SecondFightingViewController.swift in Sources */ = {isa = PBXBuildFile; fileRef = 3C027A212B09E460002ADD11 /* SecondFightingViewController.swift */; };
		3C027A272B09E526002ADD11 /* Then in Frameworks */ = {isa = PBXBuildFile; productRef = 3C027A262B09E526002ADD11 /* Then */; };
		3C027A2A2B09E531002ADD11 /* SnapKit in Frameworks */ = {isa = PBXBuildFile; productRef = 3C027A292B09E531002ADD11 /* SnapKit */; };
		3C027A2C2B09E531002ADD11 /* SnapKit-Dynamic in Frameworks */ = {isa = PBXBuildFile; productRef = 3C027A2B2B09E531002ADD11 /* SnapKit-Dynamic */; };
		3C2AA2CD2AF90E1500562BA2 /* AppDelegate.swift in Sources */ = {isa = PBXBuildFile; fileRef = 3C2AA2CC2AF90E1500562BA2 /* AppDelegate.swift */; };
		3C2AA2CF2AF90E1500562BA2 /* SceneDelegate.swift in Sources */ = {isa = PBXBuildFile; fileRef = 3C2AA2CE2AF90E1500562BA2 /* SceneDelegate.swift */; };
		3C2AA2D12AF90E1500562BA2 /* ViewController.swift in Sources */ = {isa = PBXBuildFile; fileRef = 3C2AA2D02AF90E1500562BA2 /* ViewController.swift */; };
		3C2AA2D62AF90E1600562BA2 /* Assets.xcassets in Resources */ = {isa = PBXBuildFile; fileRef = 3C2AA2D52AF90E1600562BA2 /* Assets.xcassets */; };
		3C2AA2D92AF90E1600562BA2 /* LaunchScreen.storyboard in Resources */ = {isa = PBXBuildFile; fileRef = 3C2AA2D72AF90E1600562BA2 /* LaunchScreen.storyboard */; };
		3C7416432B024C2D00EE468F /* SecondStudyViewController.swift in Sources */ = {isa = PBXBuildFile; fileRef = 3C7416422B024C2D00EE468F /* SecondStudyViewController.swift */; };
		3C81307B2B00B4D700D4E18D /* UIButton+.swift in Sources */ = {isa = PBXBuildFile; fileRef = 3C81307A2B00B4D700D4E18D /* UIButton+.swift */; };
		3C81307D2B00C2AC00D4E18D /* FirstFightingViewController.swift in Sources */ = {isa = PBXBuildFile; fileRef = 3C81307C2B00C2AC00D4E18D /* FirstFightingViewController.swift */; };
		3C9D8B202B160631009D72D0 /* ThirdFightingViewController.swift in Sources */ = {isa = PBXBuildFile; fileRef = 3C9D8B1F2B160631009D72D0 /* ThirdFightingViewController.swift */; };
		3CDB2E932B14C0E500332F9C /* ThirdStudyViewController.swift in Sources */ = {isa = PBXBuildFile; fileRef = 3CDB2E922B14C0E500332F9C /* ThirdStudyViewController.swift */; };
/* End PBXBuildFile section */

/* Begin PBXFileReference section */
		3C027A212B09E460002ADD11 /* SecondFightingViewController.swift */ = {isa = PBXFileReference; lastKnownFileType = sourcecode.swift; path = SecondFightingViewController.swift; sourceTree = "<group>"; };
		3C2AA2C92AF90E1500562BA2 /* Animation.app */ = {isa = PBXFileReference; explicitFileType = wrapper.application; includeInIndex = 0; path = Animation.app; sourceTree = BUILT_PRODUCTS_DIR; };
		3C2AA2CC2AF90E1500562BA2 /* AppDelegate.swift */ = {isa = PBXFileReference; lastKnownFileType = sourcecode.swift; path = AppDelegate.swift; sourceTree = "<group>"; };
		3C2AA2CE2AF90E1500562BA2 /* SceneDelegate.swift */ = {isa = PBXFileReference; lastKnownFileType = sourcecode.swift; path = SceneDelegate.swift; sourceTree = "<group>"; };
		3C2AA2D02AF90E1500562BA2 /* ViewController.swift */ = {isa = PBXFileReference; lastKnownFileType = sourcecode.swift; path = ViewController.swift; sourceTree = "<group>"; };
		3C2AA2D52AF90E1600562BA2 /* Assets.xcassets */ = {isa = PBXFileReference; lastKnownFileType = folder.assetcatalog; path = Assets.xcassets; sourceTree = "<group>"; };
		3C2AA2D82AF90E1600562BA2 /* Base */ = {isa = PBXFileReference; lastKnownFileType = file.storyboard; name = Base; path = Base.lproj/LaunchScreen.storyboard; sourceTree = "<group>"; };
		3C2AA2DA2AF90E1600562BA2 /* Info.plist */ = {isa = PBXFileReference; lastKnownFileType = text.plist.xml; path = Info.plist; sourceTree = "<group>"; };
		3C7416422B024C2D00EE468F /* SecondStudyViewController.swift */ = {isa = PBXFileReference; lastKnownFileType = sourcecode.swift; path = SecondStudyViewController.swift; sourceTree = "<group>"; };
		3C81307A2B00B4D700D4E18D /* UIButton+.swift */ = {isa = PBXFileReference; lastKnownFileType = sourcecode.swift; path = "UIButton+.swift"; sourceTree = "<group>"; };
		3C81307C2B00C2AC00D4E18D /* FirstFightingViewController.swift */ = {isa = PBXFileReference; lastKnownFileType = sourcecode.swift; path = FirstFightingViewController.swift; sourceTree = "<group>"; };
		3C9D8B1F2B160631009D72D0 /* ThirdFightingViewController.swift */ = {isa = PBXFileReference; lastKnownFileType = sourcecode.swift; path = ThirdFightingViewController.swift; sourceTree = "<group>"; };
		3CDB2E922B14C0E500332F9C /* ThirdStudyViewController.swift */ = {isa = PBXFileReference; lastKnownFileType = sourcecode.swift; path = ThirdStudyViewController.swift; sourceTree = "<group>"; };
/* End PBXFileReference section */

/* Begin PBXFrameworksBuildPhase section */
		3C2AA2C62AF90E1500562BA2 /* Frameworks */ = {
			isa = PBXFrameworksBuildPhase;
			buildActionMask = 2147483647;
			files = (
				3C027A272B09E526002ADD11 /* Then in Frameworks */,
				3C027A2A2B09E531002ADD11 /* SnapKit in Frameworks */,
				3C027A2C2B09E531002ADD11 /* SnapKit-Dynamic in Frameworks */,
			);
			runOnlyForDeploymentPostprocessing = 0;
		};
/* End PBXFrameworksBuildPhase section */

/* Begin PBXGroup section */
		3C027A232B09E470002ADD11 /* Study */ = {
			isa = PBXGroup;
			children = (
				3C7416422B024C2D00EE468F /* SecondStudyViewController.swift */,
				3CDB2E922B14C0E500332F9C /* ThirdStudyViewController.swift */,
			);
			path = Study;
			sourceTree = "<group>";
		};
		3C027A242B09E47B002ADD11 /* Fighting */ = {
			isa = PBXGroup;
			children = (
				3C81307C2B00C2AC00D4E18D /* FirstFightingViewController.swift */,
				3C027A212B09E460002ADD11 /* SecondFightingViewController.swift */,
				3C9D8B1F2B160631009D72D0 /* ThirdFightingViewController.swift */,
			);
			path = Fighting;
			sourceTree = "<group>";
		};
		3C2AA2C02AF90E1400562BA2 = {
			isa = PBXGroup;
			children = (
				3C2AA2CB2AF90E1500562BA2 /* Animation */,
				3C2AA2CA2AF90E1500562BA2 /* Products */,
			);
			sourceTree = "<group>";
		};
		3C2AA2CA2AF90E1500562BA2 /* Products */ = {
			isa = PBXGroup;
			children = (
				3C2AA2C92AF90E1500562BA2 /* Animation.app */,
			);
			name = Products;
			sourceTree = "<group>";
		};
		3C2AA2CB2AF90E1500562BA2 /* Animation */ = {
			isa = PBXGroup;
			children = (
				3C2AA2CC2AF90E1500562BA2 /* AppDelegate.swift */,
				3C2AA2CE2AF90E1500562BA2 /* SceneDelegate.swift */,
				3C81307A2B00B4D700D4E18D /* UIButton+.swift */,
				3C2AA2D02AF90E1500562BA2 /* ViewController.swift */,
				3C027A242B09E47B002ADD11 /* Fighting */,
				3C027A232B09E470002ADD11 /* Study */,
				3C2AA2D52AF90E1600562BA2 /* Assets.xcassets */,
				3C2AA2D72AF90E1600562BA2 /* LaunchScreen.storyboard */,
				3C2AA2DA2AF90E1600562BA2 /* Info.plist */,
			);
			path = Animation;
			sourceTree = "<group>";
		};
/* End PBXGroup section */

/* Begin PBXNativeTarget section */
		3C2AA2C82AF90E1500562BA2 /* Animation */ = {
			isa = PBXNativeTarget;
			buildConfigurationList = 3C2AA2DD2AF90E1600562BA2 /* Build configuration list for PBXNativeTarget "Animation" */;
			buildPhases = (
				3C2AA2C52AF90E1500562BA2 /* Sources */,
				3C2AA2C62AF90E1500562BA2 /* Frameworks */,
				3C2AA2C72AF90E1500562BA2 /* Resources */,
			);
			buildRules = (
			);
			dependencies = (
			);
			name = Animation;
			packageProductDependencies = (
				3C027A262B09E526002ADD11 /* Then */,
				3C027A292B09E531002ADD11 /* SnapKit */,
				3C027A2B2B09E531002ADD11 /* SnapKit-Dynamic */,
			);
			productName = Animation;
			productReference = 3C2AA2C92AF90E1500562BA2 /* Animation.app */;
			productType = "com.apple.product-type.application";
		};
/* End PBXNativeTarget section */

/* Begin PBXProject section */
		3C2AA2C12AF90E1400562BA2 /* Project object */ = {
			isa = PBXProject;
			attributes = {
				BuildIndependentTargetsInParallel = 1;
				LastSwiftUpdateCheck = 1500;
				LastUpgradeCheck = 1500;
				TargetAttributes = {
					3C2AA2C82AF90E1500562BA2 = {
						CreatedOnToolsVersion = 15.0;
					};
				};
			};
			buildConfigurationList = 3C2AA2C42AF90E1400562BA2 /* Build configuration list for PBXProject "Animation" */;
			compatibilityVersion = "Xcode 14.0";
			developmentRegion = en;
			hasScannedForEncodings = 0;
			knownRegions = (
				en,
				Base,
			);
			mainGroup = 3C2AA2C02AF90E1400562BA2;
			packageReferences = (
				3C027A252B09E526002ADD11 /* XCRemoteSwiftPackageReference "Then" */,
				3C027A282B09E531002ADD11 /* XCRemoteSwiftPackageReference "SnapKit" */,
			);
			productRefGroup = 3C2AA2CA2AF90E1500562BA2 /* Products */;
			projectDirPath = "";
			projectRoot = "";
			targets = (
				3C2AA2C82AF90E1500562BA2 /* Animation */,
			);
		};
/* End PBXProject section */

/* Begin PBXResourcesBuildPhase section */
		3C2AA2C72AF90E1500562BA2 /* Resources */ = {
			isa = PBXResourcesBuildPhase;
			buildActionMask = 2147483647;
			files = (
				3C2AA2D92AF90E1600562BA2 /* LaunchScreen.storyboard in Resources */,
				3C2AA2D62AF90E1600562BA2 /* Assets.xcassets in Resources */,
			);
			runOnlyForDeploymentPostprocessing = 0;
		};
/* End PBXResourcesBuildPhase section */

/* Begin PBXSourcesBuildPhase section */
		3C2AA2C52AF90E1500562BA2 /* Sources */ = {
			isa = PBXSourcesBuildPhase;
			buildActionMask = 2147483647;
			files = (
				3C7416432B024C2D00EE468F /* SecondStudyViewController.swift in Sources */,
				3C2AA2D12AF90E1500562BA2 /* ViewController.swift in Sources */,
				3C2AA2CD2AF90E1500562BA2 /* AppDelegate.swift in Sources */,
				3C027A222B09E460002ADD11 /* SecondFightingViewController.swift in Sources */,
				3CDB2E932B14C0E500332F9C /* ThirdStudyViewController.swift in Sources */,
				3C9D8B202B160631009D72D0 /* ThirdFightingViewController.swift in Sources */,
				3C81307D2B00C2AC00D4E18D /* FirstFightingViewController.swift in Sources */,
				3C2AA2CF2AF90E1500562BA2 /* SceneDelegate.swift in Sources */,
				3C81307B2B00B4D700D4E18D /* UIButton+.swift in Sources */,
			);
			runOnlyForDeploymentPostprocessing = 0;
		};
/* End PBXSourcesBuildPhase section */

/* Begin PBXVariantGroup section */
		3C2AA2D72AF90E1600562BA2 /* LaunchScreen.storyboard */ = {
			isa = PBXVariantGroup;
			children = (
				3C2AA2D82AF90E1600562BA2 /* Base */,
			);
			name = LaunchScreen.storyboard;
			sourceTree = "<group>";
		};
/* End PBXVariantGroup section */

/* Begin XCBuildConfiguration section */
		3C2AA2DB2AF90E1600562BA2 /* Debug */ = {
			isa = XCBuildConfiguration;
			buildSettings = {
				ALWAYS_SEARCH_USER_PATHS = NO;
				ASSETCATALOG_COMPILER_GENERATE_SWIFT_ASSET_SYMBOL_EXTENSIONS = YES;
				CLANG_ANALYZER_NONNULL = YES;
				CLANG_ANALYZER_NUMBER_OBJECT_CONVERSION = YES_AGGRESSIVE;
				CLANG_CXX_LANGUAGE_STANDARD = "gnu++20";
				CLANG_ENABLE_MODULES = YES;
				CLANG_ENABLE_OBJC_ARC = YES;
				CLANG_ENABLE_OBJC_WEAK = YES;
				CLANG_WARN_BLOCK_CAPTURE_AUTORELEASING = YES;
				CLANG_WARN_BOOL_CONVERSION = YES;
				CLANG_WARN_COMMA = YES;
				CLANG_WARN_CONSTANT_CONVERSION = YES;
				CLANG_WARN_DEPRECATED_OBJC_IMPLEMENTATIONS = YES;
				CLANG_WARN_DIRECT_OBJC_ISA_USAGE = YES_ERROR;
				CLANG_WARN_DOCUMENTATION_COMMENTS = YES;
				CLANG_WARN_EMPTY_BODY = YES;
				CLANG_WARN_ENUM_CONVERSION = YES;
				CLANG_WARN_INFINITE_RECURSION = YES;
				CLANG_WARN_INT_CONVERSION = YES;
				CLANG_WARN_NON_LITERAL_NULL_CONVERSION = YES;
				CLANG_WARN_OBJC_IMPLICIT_RETAIN_SELF = YES;
				CLANG_WARN_OBJC_LITERAL_CONVERSION = YES;
				CLANG_WARN_OBJC_ROOT_CLASS = YES_ERROR;
				CLANG_WARN_QUOTED_INCLUDE_IN_FRAMEWORK_HEADER = YES;
				CLANG_WARN_RANGE_LOOP_ANALYSIS = YES;
				CLANG_WARN_STRICT_PROTOTYPES = YES;
				CLANG_WARN_SUSPICIOUS_MOVE = YES;
				CLANG_WARN_UNGUARDED_AVAILABILITY = YES_AGGRESSIVE;
				CLANG_WARN_UNREACHABLE_CODE = YES;
				CLANG_WARN__DUPLICATE_METHOD_MATCH = YES;
				COPY_PHASE_STRIP = NO;
				DEBUG_INFORMATION_FORMAT = dwarf;
				ENABLE_STRICT_OBJC_MSGSEND = YES;
				ENABLE_TESTABILITY = YES;
				ENABLE_USER_SCRIPT_SANDBOXING = YES;
				GCC_C_LANGUAGE_STANDARD = gnu17;
				GCC_DYNAMIC_NO_PIC = NO;
				GCC_NO_COMMON_BLOCKS = YES;
				GCC_OPTIMIZATION_LEVEL = 0;
				GCC_PREPROCESSOR_DEFINITIONS = (
					"DEBUG=1",
					"$(inherited)",
				);
				GCC_WARN_64_TO_32_BIT_CONVERSION = YES;
				GCC_WARN_ABOUT_RETURN_TYPE = YES_ERROR;
				GCC_WARN_UNDECLARED_SELECTOR = YES;
				GCC_WARN_UNINITIALIZED_AUTOS = YES_AGGRESSIVE;
				GCC_WARN_UNUSED_FUNCTION = YES;
				GCC_WARN_UNUSED_VARIABLE = YES;
				IPHONEOS_DEPLOYMENT_TARGET = 17.0;
				LOCALIZATION_PREFERS_STRING_CATALOGS = YES;
				MTL_ENABLE_DEBUG_INFO = INCLUDE_SOURCE;
				MTL_FAST_MATH = YES;
				ONLY_ACTIVE_ARCH = YES;
				SDKROOT = iphoneos;
				SWIFT_ACTIVE_COMPILATION_CONDITIONS = "DEBUG $(inherited)";
				SWIFT_OPTIMIZATION_LEVEL = "-Onone";
			};
			name = Debug;
		};
		3C2AA2DC2AF90E1600562BA2 /* Release */ = {
			isa = XCBuildConfiguration;
			buildSettings = {
				ALWAYS_SEARCH_USER_PATHS = NO;
				ASSETCATALOG_COMPILER_GENERATE_SWIFT_ASSET_SYMBOL_EXTENSIONS = YES;
				CLANG_ANALYZER_NONNULL = YES;
				CLANG_ANALYZER_NUMBER_OBJECT_CONVERSION = YES_AGGRESSIVE;
				CLANG_CXX_LANGUAGE_STANDARD = "gnu++20";
				CLANG_ENABLE_MODULES = YES;
				CLANG_ENABLE_OBJC_ARC = YES;
				CLANG_ENABLE_OBJC_WEAK = YES;
				CLANG_WARN_BLOCK_CAPTURE_AUTORELEASING = YES;
				CLANG_WARN_BOOL_CONVERSION = YES;
				CLANG_WARN_COMMA = YES;
				CLANG_WARN_CONSTANT_CONVERSION = YES;
				CLANG_WARN_DEPRECATED_OBJC_IMPLEMENTATIONS = YES;
				CLANG_WARN_DIRECT_OBJC_ISA_USAGE = YES_ERROR;
				CLANG_WARN_DOCUMENTATION_COMMENTS = YES;
				CLANG_WARN_EMPTY_BODY = YES;
				CLANG_WARN_ENUM_CONVERSION = YES;
				CLANG_WARN_INFINITE_RECURSION = YES;
				CLANG_WARN_INT_CONVERSION = YES;
				CLANG_WARN_NON_LITERAL_NULL_CONVERSION = YES;
				CLANG_WARN_OBJC_IMPLICIT_RETAIN_SELF = YES;
				CLANG_WARN_OBJC_LITERAL_CONVERSION = YES;
				CLANG_WARN_OBJC_ROOT_CLASS = YES_ERROR;
				CLANG_WARN_QUOTED_INCLUDE_IN_FRAMEWORK_HEADER = YES;
				CLANG_WARN_RANGE_LOOP_ANALYSIS = YES;
				CLANG_WARN_STRICT_PROTOTYPES = YES;
				CLANG_WARN_SUSPICIOUS_MOVE = YES;
				CLANG_WARN_UNGUARDED_AVAILABILITY = YES_AGGRESSIVE;
				CLANG_WARN_UNREACHABLE_CODE = YES;
				CLANG_WARN__DUPLICATE_METHOD_MATCH = YES;
				COPY_PHASE_STRIP = NO;
				DEBUG_INFORMATION_FORMAT = "dwarf-with-dsym";
				ENABLE_NS_ASSERTIONS = NO;
				ENABLE_STRICT_OBJC_MSGSEND = YES;
				ENABLE_USER_SCRIPT_SANDBOXING = YES;
				GCC_C_LANGUAGE_STANDARD = gnu17;
				GCC_NO_COMMON_BLOCKS = YES;
				GCC_WARN_64_TO_32_BIT_CONVERSION = YES;
				GCC_WARN_ABOUT_RETURN_TYPE = YES_ERROR;
				GCC_WARN_UNDECLARED_SELECTOR = YES;
				GCC_WARN_UNINITIALIZED_AUTOS = YES_AGGRESSIVE;
				GCC_WARN_UNUSED_FUNCTION = YES;
				GCC_WARN_UNUSED_VARIABLE = YES;
				IPHONEOS_DEPLOYMENT_TARGET = 17.0;
				LOCALIZATION_PREFERS_STRING_CATALOGS = YES;
				MTL_ENABLE_DEBUG_INFO = NO;
				MTL_FAST_MATH = YES;
				SDKROOT = iphoneos;
				SWIFT_COMPILATION_MODE = wholemodule;
				VALIDATE_PRODUCT = YES;
			};
			name = Release;
		};
		3C2AA2DE2AF90E1600562BA2 /* Debug */ = {
			isa = XCBuildConfiguration;
			buildSettings = {
				ASSETCATALOG_COMPILER_APPICON_NAME = AppIcon;
				ASSETCATALOG_COMPILER_GLOBAL_ACCENT_COLOR_NAME = AccentColor;
				CODE_SIGN_STYLE = Automatic;
				CURRENT_PROJECT_VERSION = 1;
				DEVELOPMENT_TEAM = MAZQ6JDBT4;
				GENERATE_INFOPLIST_FILE = YES;
				INFOPLIST_FILE = Animation/Info.plist;
				INFOPLIST_KEY_UIApplicationSupportsIndirectInputEvents = YES;
				INFOPLIST_KEY_UILaunchStoryboardName = LaunchScreen;
				INFOPLIST_KEY_UISupportedInterfaceOrientations_iPad = "UIInterfaceOrientationPortrait UIInterfaceOrientationPortraitUpsideDown UIInterfaceOrientationLandscapeLeft UIInterfaceOrientationLandscapeRight";
				INFOPLIST_KEY_UISupportedInterfaceOrientations_iPhone = "UIInterfaceOrientationPortrait UIInterfaceOrientationLandscapeLeft UIInterfaceOrientationLandscapeRight";
				LD_RUNPATH_SEARCH_PATHS = (
					"$(inherited)",
					"@executable_path/Frameworks",
				);
				MARKETING_VERSION = 1.0;
				PRODUCT_BUNDLE_IDENTIFIER = com.boogios.Animation;
				PRODUCT_NAME = "$(TARGET_NAME)";
				SWIFT_EMIT_LOC_STRINGS = YES;
				SWIFT_VERSION = 5.0;
				TARGETED_DEVICE_FAMILY = "1,2";
			};
			name = Debug;
		};
		3C2AA2DF2AF90E1600562BA2 /* Release */ = {
			isa = XCBuildConfiguration;
			buildSettings = {
				ASSETCATALOG_COMPILER_APPICON_NAME = AppIcon;
				ASSETCATALOG_COMPILER_GLOBAL_ACCENT_COLOR_NAME = AccentColor;
				CODE_SIGN_STYLE = Automatic;
				CURRENT_PROJECT_VERSION = 1;
				DEVELOPMENT_TEAM = MAZQ6JDBT4;
				GENERATE_INFOPLIST_FILE = YES;
				INFOPLIST_FILE = Animation/Info.plist;
				INFOPLIST_KEY_UIApplicationSupportsIndirectInputEvents = YES;
				INFOPLIST_KEY_UILaunchStoryboardName = LaunchScreen;
				INFOPLIST_KEY_UISupportedInterfaceOrientations_iPad = "UIInterfaceOrientationPortrait UIInterfaceOrientationPortraitUpsideDown UIInterfaceOrientationLandscapeLeft UIInterfaceOrientationLandscapeRight";
				INFOPLIST_KEY_UISupportedInterfaceOrientations_iPhone = "UIInterfaceOrientationPortrait UIInterfaceOrientationLandscapeLeft UIInterfaceOrientationLandscapeRight";
				LD_RUNPATH_SEARCH_PATHS = (
					"$(inherited)",
					"@executable_path/Frameworks",
				);
				MARKETING_VERSION = 1.0;
				PRODUCT_BUNDLE_IDENTIFIER = com.boogios.Animation;
				PRODUCT_NAME = "$(TARGET_NAME)";
				SWIFT_EMIT_LOC_STRINGS = YES;
				SWIFT_VERSION = 5.0;
				TARGETED_DEVICE_FAMILY = "1,2";
			};
			name = Release;
		};
/* End XCBuildConfiguration section */

/* Begin XCConfigurationList section */
		3C2AA2C42AF90E1400562BA2 /* Build configuration list for PBXProject "Animation" */ = {
			isa = XCConfigurationList;
			buildConfigurations = (
				3C2AA2DB2AF90E1600562BA2 /* Debug */,
				3C2AA2DC2AF90E1600562BA2 /* Release */,
			);
			defaultConfigurationIsVisible = 0;
			defaultConfigurationName = Release;
		};
		3C2AA2DD2AF90E1600562BA2 /* Build configuration list for PBXNativeTarget "Animation" */ = {
			isa = XCConfigurationList;
			buildConfigurations = (
				3C2AA2DE2AF90E1600562BA2 /* Debug */,
				3C2AA2DF2AF90E1600562BA2 /* Release */,
			);
			defaultConfigurationIsVisible = 0;
			defaultConfigurationName = Release;
		};
/* End XCConfigurationList section */

/* Begin XCRemoteSwiftPackageReference section */
		3C027A252B09E526002ADD11 /* XCRemoteSwiftPackageReference "Then" */ = {
			isa = XCRemoteSwiftPackageReference;
			repositoryURL = "https://github.com/devxoul/Then.git";
			requirement = {
				kind = upToNextMajorVersion;
				minimumVersion = 3.0.0;
			};
		};
		3C027A282B09E531002ADD11 /* XCRemoteSwiftPackageReference "SnapKit" */ = {
			isa = XCRemoteSwiftPackageReference;
			repositoryURL = "https://github.com/SnapKit/SnapKit.git";
			requirement = {
				kind = upToNextMajorVersion;
				minimumVersion = 5.6.0;
			};
		};
/* End XCRemoteSwiftPackageReference section */

/* Begin XCSwiftPackageProductDependency section */
		3C027A262B09E526002ADD11 /* Then */ = {
			isa = XCSwiftPackageProductDependency;
			package = 3C027A252B09E526002ADD11 /* XCRemoteSwiftPackageReference "Then" */;
			productName = Then;
		};
		3C027A292B09E531002ADD11 /* SnapKit */ = {
			isa = XCSwiftPackageProductDependency;
			package = 3C027A282B09E531002ADD11 /* XCRemoteSwiftPackageReference "SnapKit" */;
			productName = SnapKit;
		};
		3C027A2B2B09E531002ADD11 /* SnapKit-Dynamic */ = {
			isa = XCSwiftPackageProductDependency;
			package = 3C027A282B09E531002ADD11 /* XCRemoteSwiftPackageReference "SnapKit" */;
			productName = "SnapKit-Dynamic";
		};
/* End XCSwiftPackageProductDependency section */
	};
	rootObject = 3C2AA2C12AF90E1400562BA2 /* Project object */;
}
